
Microsoft Visual Studio Solution File, Format Version 12.00
# Visual Studio 2012
Project("{FAE04EC0-301F-11D3-BF4B-00C04F79EFBC}") = "007_Game.CSharp.Plugins", "007_Game.CSharp.Plugins.csproj", "{7DAA3947-CC63-627B-D9AA-8F5C5B266155}"
EndProject
Project("{FAE04EC0-301F-11D3-BF4B-00C04F79EFBC}") = "007_Game.CSharp", "007_Game.CSharp.csproj", "{A071D437-FAED-CF37-73EB-B572F2A19A27}"
EndProject
Global
	GlobalSection(SolutionConfigurationPlatforms) = preSolution
		Debug|Any CPU = Debug|Any CPU
		Release|Any CPU = Release|Any CPU
	EndGlobalSection
	GlobalSection(ProjectConfigurationPlatforms) = postSolution
		{7DAA3947-CC63-627B-D9AA-8F5C5B266155}.Debug|Any CPU.ActiveCfg = Debug|Any CPU
		{7DAA3947-CC63-627B-D9AA-8F5C5B266155}.Debug|Any CPU.Build.0 = Debug|Any CPU
		{7DAA3947-CC63-627B-D9AA-8F5C5B266155}.Release|Any CPU.ActiveCfg = Release|Any CPU
		{7DAA3947-CC63-627B-D9AA-8F5C5B266155}.Release|Any CPU.Build.0 = Release|Any CPU
		{A071D437-FAED-CF37-73EB-B572F2A19A27}.Debug|Any CPU.ActiveCfg = Debug|Any CPU
		{A071D437-FAED-CF37-73EB-B572F2A19A27}.Debug|Any CPU.Build.0 = Debug|Any CPU
		{A071D437-FAED-CF37-73EB-B572F2A19A27}.Release|Any CPU.ActiveCfg = Release|Any CPU
		{A071D437-FAED-CF37-73EB-B572F2A19A27}.Release|Any CPU.Build.0 = Release|Any CPU
	EndGlobalSection
	GlobalSection(SolutionProperties) = preSolution
		HideSolutionNode = FALSE
	EndGlobalSection
EndGlobal
